
Microsoft Visual Studio Solution File, Format Version 12.00
# Visual Studio Version 17
VisualStudioVersion = 17.3.32819.101
MinimumVisualStudioVersion = 10.0.40219.1
Project("{FAE04EC0-301F-11D3-BF4B-00C04F79EFBC}") = "LR2_1", "LR2_1.csproj", "{95858381-5A60-40D3-9619-8079310F44AB}"
EndProject
Global
	GlobalSection(SolutionConfigurationPlatforms) = preSolution
		Debug|Any CPU = Debug|Any CPU
		Release|Any CPU = Release|Any CPU
	EndGlobalSection
	GlobalSection(ProjectConfigurationPlatforms) = postSolution
		{95858381-5A60-40D3-9619-8079310F44AB}.Debug|Any CPU.ActiveCfg = Debug|Any CPU
		{95858381-5A60-40D3-9619-8079310F44AB}.Debug|Any CPU.Build.0 = Debug|Any CPU
		{95858381-5A60-40D3-9619-8079310F44AB}.Release|Any CPU.ActiveCfg = Release|Any CPU
		{95858381-5A60-40D3-9619-8079310F44AB}.Release|Any CPU.Build.0 = Release|Any CPU
	EndGlobalSection
	GlobalSection(SolutionProperties) = preSolution
		HideSolutionNode = FALSE
	EndGlobalSection
	GlobalSection(ExtensibilityGlobals) = postSolution
		SolutionGuid = {B0EADF90-21CB-4377-8131-571E9700F832}
	EndGlobalSection
EndGlobal
