
Microsoft Visual Studio Solution File, Format Version 12.00
# Visual Studio Version 17
VisualStudioVersion = 17.3.32819.101
MinimumVisualStudioVersion = 10.0.40219.1
Project("{FAE04EC0-301F-11D3-BF4B-00C04F79EFBC}") = "LR7_3", "LR7_3.csproj", "{7767F8EF-EC52-40C3-A19D-57B28740ACCB}"
EndProject
Global
	GlobalSection(SolutionConfigurationPlatforms) = preSolution
		Debug|Any CPU = Debug|Any CPU
		Release|Any CPU = Release|Any CPU
	EndGlobalSection
	GlobalSection(ProjectConfigurationPlatforms) = postSolution
		{7767F8EF-EC52-40C3-A19D-57B28740ACCB}.Debug|Any CPU.ActiveCfg = Debug|Any CPU
		{7767F8EF-EC52-40C3-A19D-57B28740ACCB}.Debug|Any CPU.Build.0 = Debug|Any CPU
		{7767F8EF-EC52-40C3-A19D-57B28740ACCB}.Release|Any CPU.ActiveCfg = Release|Any CPU
		{7767F8EF-EC52-40C3-A19D-57B28740ACCB}.Release|Any CPU.Build.0 = Release|Any CPU
	EndGlobalSection
	GlobalSection(SolutionProperties) = preSolution
		HideSolutionNode = FALSE
	EndGlobalSection
	GlobalSection(ExtensibilityGlobals) = postSolution
		SolutionGuid = {B778D8DA-C9CC-4060-A8A4-5E0A5A7DB714}
	EndGlobalSection
EndGlobal
