
Microsoft Visual Studio Solution File, Format Version 12.00
# Visual Studio Version 17
VisualStudioVersion = 17.3.32819.101
MinimumVisualStudioVersion = 10.0.40219.1
Project("{FAE04EC0-301F-11D3-BF4B-00C04F79EFBC}") = "LR7", "LR7.csproj", "{38AF9FC7-A8F6-478F-80C5-EECB4666A272}"
EndProject
Global
	GlobalSection(SolutionConfigurationPlatforms) = preSolution
		Debug|Any CPU = Debug|Any CPU
		Release|Any CPU = Release|Any CPU
	EndGlobalSection
	GlobalSection(ProjectConfigurationPlatforms) = postSolution
		{38AF9FC7-A8F6-478F-80C5-EECB4666A272}.Debug|Any CPU.ActiveCfg = Debug|Any CPU
		{38AF9FC7-A8F6-478F-80C5-EECB4666A272}.Debug|Any CPU.Build.0 = Debug|Any CPU
		{38AF9FC7-A8F6-478F-80C5-EECB4666A272}.Release|Any CPU.ActiveCfg = Release|Any CPU
		{38AF9FC7-A8F6-478F-80C5-EECB4666A272}.Release|Any CPU.Build.0 = Release|Any CPU
	EndGlobalSection
	GlobalSection(SolutionProperties) = preSolution
		HideSolutionNode = FALSE
	EndGlobalSection
	GlobalSection(ExtensibilityGlobals) = postSolution
		SolutionGuid = {05DC06DD-C021-42BA-81E3-E4386A789F49}
	EndGlobalSection
EndGlobal
