
Microsoft Visual Studio Solution File, Format Version 12.00
# Visual Studio Version 17
VisualStudioVersion = 17.3.32819.101
MinimumVisualStudioVersion = 10.0.40219.1
Project("{FAE04EC0-301F-11D3-BF4B-00C04F79EFBC}") = "LR7_2", "LR7_2.csproj", "{890D0FC4-462E-417D-8E41-55422D046490}"
EndProject
Global
	GlobalSection(SolutionConfigurationPlatforms) = preSolution
		Debug|Any CPU = Debug|Any CPU
		Release|Any CPU = Release|Any CPU
	EndGlobalSection
	GlobalSection(ProjectConfigurationPlatforms) = postSolution
		{890D0FC4-462E-417D-8E41-55422D046490}.Debug|Any CPU.ActiveCfg = Debug|Any CPU
		{890D0FC4-462E-417D-8E41-55422D046490}.Debug|Any CPU.Build.0 = Debug|Any CPU
		{890D0FC4-462E-417D-8E41-55422D046490}.Release|Any CPU.ActiveCfg = Release|Any CPU
		{890D0FC4-462E-417D-8E41-55422D046490}.Release|Any CPU.Build.0 = Release|Any CPU
	EndGlobalSection
	GlobalSection(SolutionProperties) = preSolution
		HideSolutionNode = FALSE
	EndGlobalSection
	GlobalSection(ExtensibilityGlobals) = postSolution
		SolutionGuid = {0942BC90-713C-4554-A0D0-C7148CED6170}
	EndGlobalSection
EndGlobal
