
Microsoft Visual Studio Solution File, Format Version 12.00
# Visual Studio Version 17
VisualStudioVersion = 17.3.32819.101
MinimumVisualStudioVersion = 10.0.40219.1
Project("{FAE04EC0-301F-11D3-BF4B-00C04F79EFBC}") = "LR3_1", "LR3_1.csproj", "{DC3031D8-86CC-43D1-BCC4-DF07C037866F}"
EndProject
Global
	GlobalSection(SolutionConfigurationPlatforms) = preSolution
		Debug|Any CPU = Debug|Any CPU
		Release|Any CPU = Release|Any CPU
	EndGlobalSection
	GlobalSection(ProjectConfigurationPlatforms) = postSolution
		{DC3031D8-86CC-43D1-BCC4-DF07C037866F}.Debug|Any CPU.ActiveCfg = Debug|Any CPU
		{DC3031D8-86CC-43D1-BCC4-DF07C037866F}.Debug|Any CPU.Build.0 = Debug|Any CPU
		{DC3031D8-86CC-43D1-BCC4-DF07C037866F}.Release|Any CPU.ActiveCfg = Release|Any CPU
		{DC3031D8-86CC-43D1-BCC4-DF07C037866F}.Release|Any CPU.Build.0 = Release|Any CPU
	EndGlobalSection
	GlobalSection(SolutionProperties) = preSolution
		HideSolutionNode = FALSE
	EndGlobalSection
	GlobalSection(ExtensibilityGlobals) = postSolution
		SolutionGuid = {EFE2393D-490C-4996-91AA-E0BD34D92A10}
	EndGlobalSection
EndGlobal
