
Microsoft Visual Studio Solution File, Format Version 12.00
# Visual Studio Version 17
VisualStudioVersion = 17.3.32819.101
MinimumVisualStudioVersion = 10.0.40219.1
Project("{FAE04EC0-301F-11D3-BF4B-00C04F79EFBC}") = "LR4_", "LR4_.csproj", "{E6FF6CD6-75DE-4ACE-8359-4FA07635FCB5}"
EndProject
Global
	GlobalSection(SolutionConfigurationPlatforms) = preSolution
		Debug|Any CPU = Debug|Any CPU
		Release|Any CPU = Release|Any CPU
	EndGlobalSection
	GlobalSection(ProjectConfigurationPlatforms) = postSolution
		{E6FF6CD6-75DE-4ACE-8359-4FA07635FCB5}.Debug|Any CPU.ActiveCfg = Debug|Any CPU
		{E6FF6CD6-75DE-4ACE-8359-4FA07635FCB5}.Debug|Any CPU.Build.0 = Debug|Any CPU
		{E6FF6CD6-75DE-4ACE-8359-4FA07635FCB5}.Release|Any CPU.ActiveCfg = Release|Any CPU
		{E6FF6CD6-75DE-4ACE-8359-4FA07635FCB5}.Release|Any CPU.Build.0 = Release|Any CPU
	EndGlobalSection
	GlobalSection(SolutionProperties) = preSolution
		HideSolutionNode = FALSE
	EndGlobalSection
	GlobalSection(ExtensibilityGlobals) = postSolution
		SolutionGuid = {4F132593-44EF-4F45-B70B-C6503A5A3E6A}
	EndGlobalSection
EndGlobal
